
Microsoft Visual Studio Solution File, Format Version 12.00
# Visual Studio Version 16
VisualStudioVersion = 16.0.29503.13
MinimumVisualStudioVersion = 10.0.40219.1
Project("{888888A0-9F3D-457C-B088-3A5042F75D52}") = "KettleVolume", "KettleVolume.pyproj", "{096BB13A-3318-478C-97D9-221DDFE2776E}"
EndProject
Global
	GlobalSection(SolutionConfigurationPlatforms) = preSolution
		Debug|Any CPU = Debug|Any CPU
		Release|Any CPU = Release|Any CPU
	EndGlobalSection
	GlobalSection(ProjectConfigurationPlatforms) = postSolution
		{096BB13A-3318-478C-97D9-221DDFE2776E}.Debug|Any CPU.ActiveCfg = Debug|Any CPU
		{096BB13A-3318-478C-97D9-221DDFE2776E}.Debug|Any CPU.Build.0 = Debug|Any CPU
		{096BB13A-3318-478C-97D9-221DDFE2776E}.Release|Any CPU.ActiveCfg = Release|Any CPU
		{096BB13A-3318-478C-97D9-221DDFE2776E}.Release|Any CPU.Build.0 = Release|Any CPU
	EndGlobalSection
	GlobalSection(SolutionProperties) = preSolution
		HideSolutionNode = FALSE
	EndGlobalSection
	GlobalSection(ExtensibilityGlobals) = postSolution
		SolutionGuid = {60CD4D29-88FC-497B-9B42-81BA7FDA8698}
	EndGlobalSection
EndGlobal
